
Microsoft Visual Studio Solution File, Format Version 12.00
# Visual Studio Version 16
VisualStudioVersion = 16.0.30907.101
MinimumVisualStudioVersion = 10.0.40219.1
Project("{FAE04EC0-301F-11D3-BF4B-00C04F79EFBC}") = "Entities", "Entities\Entities.csproj", "{58859E36-F9C8-4757-A57F-083565657E72}"
EndProject
Project("{FAE04EC0-301F-11D3-BF4B-00C04F79EFBC}") = "DataAccess", "DataAccess\DataAccess.csproj", "{5FCE56E5-A761-413D-B267-5CD31182C415}"
EndProject
Project("{FAE04EC0-301F-11D3-BF4B-00C04F79EFBC}") = "Business", "Business\Business.csproj", "{C2C83144-721B-414C-B4F8-B0D9BB2989D7}"
EndProject
Project("{FAE04EC0-301F-11D3-BF4B-00C04F79EFBC}") = "ConsoleUI", "ConsoleUI\ConsoleUI.csproj", "{FFB78850-DC40-494F-9133-6D6FDEA32078}"
EndProject
Global
	GlobalSection(SolutionConfigurationPlatforms) = preSolution
		Debug|Any CPU = Debug|Any CPU
		Release|Any CPU = Release|Any CPU
	EndGlobalSection
	GlobalSection(ProjectConfigurationPlatforms) = postSolution
		{58859E36-F9C8-4757-A57F-083565657E72}.Debug|Any CPU.ActiveCfg = Debug|Any CPU
		{58859E36-F9C8-4757-A57F-083565657E72}.Debug|Any CPU.Build.0 = Debug|Any CPU
		{58859E36-F9C8-4757-A57F-083565657E72}.Release|Any CPU.ActiveCfg = Release|Any CPU
		{58859E36-F9C8-4757-A57F-083565657E72}.Release|Any CPU.Build.0 = Release|Any CPU
		{5FCE56E5-A761-413D-B267-5CD31182C415}.Debug|Any CPU.ActiveCfg = Debug|Any CPU
		{5FCE56E5-A761-413D-B267-5CD31182C415}.Debug|Any CPU.Build.0 = Debug|Any CPU
		{5FCE56E5-A761-413D-B267-5CD31182C415}.Release|Any CPU.ActiveCfg = Release|Any CPU
		{5FCE56E5-A761-413D-B267-5CD31182C415}.Release|Any CPU.Build.0 = Release|Any CPU
		{C2C83144-721B-414C-B4F8-B0D9BB2989D7}.Debug|Any CPU.ActiveCfg = Debug|Any CPU
		{C2C83144-721B-414C-B4F8-B0D9BB2989D7}.Debug|Any CPU.Build.0 = Debug|Any CPU
		{C2C83144-721B-414C-B4F8-B0D9BB2989D7}.Release|Any CPU.ActiveCfg = Release|Any CPU
		{C2C83144-721B-414C-B4F8-B0D9BB2989D7}.Release|Any CPU.Build.0 = Release|Any CPU
		{FFB78850-DC40-494F-9133-6D6FDEA32078}.Debug|Any CPU.ActiveCfg = Debug|Any CPU
		{FFB78850-DC40-494F-9133-6D6FDEA32078}.Debug|Any CPU.Build.0 = Debug|Any CPU
		{FFB78850-DC40-494F-9133-6D6FDEA32078}.Release|Any CPU.ActiveCfg = Release|Any CPU
		{FFB78850-DC40-494F-9133-6D6FDEA32078}.Release|Any CPU.Build.0 = Release|Any CPU
	EndGlobalSection
	GlobalSection(SolutionProperties) = preSolution
		HideSolutionNode = FALSE
	EndGlobalSection
	GlobalSection(ExtensibilityGlobals) = postSolution
		SolutionGuid = {F48535EC-6DBF-41D2-AF2C-6CBB65DF1B7C}
	EndGlobalSection
EndGlobal
